
Microsoft Visual Studio Solution File, Format Version 12.00
# Visual Studio for Mac
Project("{FAE04EC0-301F-11D3-BF4B-00C04F79EFBC}") = "Assembly-CSharp", "Assembly-CSharp.csproj", "{7BE2CA34-6C92-420D-353B-5EB08D984A5F}"
EndProject
Project("{FAE04EC0-301F-11D3-BF4B-00C04F79EFBC}") = "Assembly-CSharp-firstpass", "Assembly-CSharp-firstpass.csproj", "{0F8D51F2-E8AD-C8AB-967D-B0485D50D73F}"
EndProject
Project("{FAE04EC0-301F-11D3-BF4B-00C04F79EFBC}") = "Assembly-CSharp-Editor", "Assembly-CSharp-Editor.csproj", "{D316DBEE-17E9-CF26-589A-C7659F4930BF}"
EndProject
Project("{FAE04EC0-301F-11D3-BF4B-00C04F79EFBC}") = "Assembly-CSharp-Editor-firstpass", "Assembly-CSharp-Editor-firstpass.csproj", "{37791C2F-D293-9129-A55A-393167D6A648}"
EndProject
Global
	GlobalSection(SolutionConfigurationPlatforms) = preSolution
		Debug|Any CPU = Debug|Any CPU
		Release|Any CPU = Release|Any CPU
	EndGlobalSection
	GlobalSection(ProjectConfigurationPlatforms) = postSolution
		{7BE2CA34-6C92-420D-353B-5EB08D984A5F}.Debug|Any CPU.ActiveCfg = Debug|Any CPU
		{7BE2CA34-6C92-420D-353B-5EB08D984A5F}.Debug|Any CPU.Build.0 = Debug|Any CPU
		{7BE2CA34-6C92-420D-353B-5EB08D984A5F}.Release|Any CPU.ActiveCfg = Release|Any CPU
		{7BE2CA34-6C92-420D-353B-5EB08D984A5F}.Release|Any CPU.Build.0 = Release|Any CPU
		{0F8D51F2-E8AD-C8AB-967D-B0485D50D73F}.Debug|Any CPU.ActiveCfg = Debug|Any CPU
		{0F8D51F2-E8AD-C8AB-967D-B0485D50D73F}.Debug|Any CPU.Build.0 = Debug|Any CPU
		{0F8D51F2-E8AD-C8AB-967D-B0485D50D73F}.Release|Any CPU.ActiveCfg = Release|Any CPU
		{0F8D51F2-E8AD-C8AB-967D-B0485D50D73F}.Release|Any CPU.Build.0 = Release|Any CPU
		{D316DBEE-17E9-CF26-589A-C7659F4930BF}.Debug|Any CPU.ActiveCfg = Debug|Any CPU
		{D316DBEE-17E9-CF26-589A-C7659F4930BF}.Debug|Any CPU.Build.0 = Debug|Any CPU
		{D316DBEE-17E9-CF26-589A-C7659F4930BF}.Release|Any CPU.ActiveCfg = Release|Any CPU
		{D316DBEE-17E9-CF26-589A-C7659F4930BF}.Release|Any CPU.Build.0 = Release|Any CPU
		{37791C2F-D293-9129-A55A-393167D6A648}.Debug|Any CPU.ActiveCfg = Debug|Any CPU
		{37791C2F-D293-9129-A55A-393167D6A648}.Debug|Any CPU.Build.0 = Debug|Any CPU
		{37791C2F-D293-9129-A55A-393167D6A648}.Release|Any CPU.ActiveCfg = Release|Any CPU
		{37791C2F-D293-9129-A55A-393167D6A648}.Release|Any CPU.Build.0 = Release|Any CPU
	EndGlobalSection
	GlobalSection(SolutionProperties) = preSolution
		HideSolutionNode = FALSE
	EndGlobalSection
EndGlobal
